
Microsoft Visual Studio Solution File, Format Version 12.00
# Visual Studio Version 17
VisualStudioVersion = 17.9.34902.65
MinimumVisualStudioVersion = 10.0.40219.1
Project("{FAE04EC0-301F-11D3-BF4B-00C04F79EFBC}") = "WebApi", "WebApi\WebApi.csproj", "{5AFD4A61-3801-4380-97A0-177D3AC63A01}"
EndProject
Global
	GlobalSection(SolutionConfigurationPlatforms) = preSolution
		Debug|Any CPU = Debug|Any CPU
		Release|Any CPU = Release|Any CPU
	EndGlobalSection
	GlobalSection(ProjectConfigurationPlatforms) = postSolution
		{5AFD4A61-3801-4380-97A0-177D3AC63A01}.Debug|Any CPU.ActiveCfg = Debug|Any CPU
		{5AFD4A61-3801-4380-97A0-177D3AC63A01}.Debug|Any CPU.Build.0 = Debug|Any CPU
		{5AFD4A61-3801-4380-97A0-177D3AC63A01}.Release|Any CPU.ActiveCfg = Release|Any CPU
		{5AFD4A61-3801-4380-97A0-177D3AC63A01}.Release|Any CPU.Build.0 = Release|Any CPU
	EndGlobalSection
	GlobalSection(SolutionProperties) = preSolution
		HideSolutionNode = FALSE
	EndGlobalSection
	GlobalSection(ExtensibilityGlobals) = postSolution
		SolutionGuid = {157B8CC6-93D0-4515-8132-1171294C9AC7}
	EndGlobalSection
EndGlobal
